PODS:
  - Alamofire (4.9.1)
  - ColorThiefSwift (0.4.0)
  - SDWebImage (5.4.0):
    - SDWebImage/Core (= 5.4.0)
  - SDWebImage/Core (5.4.0)
  - SwiftyJSON (5.0.0)

DEPENDENCIES:
  - Alamofire
  - ColorThiefSwift
  - SDWebImage
  - SwiftyJSON

SPEC REPOS:
  trunk:
    - Alamofire
    - ColorThiefSwift
    - SDWebImage
    - SwiftyJSON

SPEC CHECKSUMS:
  Alamofire: 85e8a02c69d6020a0d734f6054870d7ecb75cf18
  ColorThiefSwift: 643bcd1364b4736ebcd190259646918ca17e8802
  SDWebImage: 5bf6aec6481ae2a062bdc59f9d6c1d1e552090e0
  SwiftyJSON: 36413e04c44ee145039d332b4f4e2d3e8d6c4db7

PODFILE CHECKSUM: 98238075def65683f71686f103d7c128a83e97e6

COCOAPODS: 1.8.4
